
Microsoft Visual Studio Solution File, Format Version 12.00
# Visual Studio 15
VisualStudioVersion = 15.0.27703.2042
MinimumVisualStudioVersion = 10.0.40219.1
Project("{FAE04EC0-301F-11D3-BF4B-00C04F79EFBC}") = "Login_UploadFile", "Login_UploadFile\Login_UploadFile.csproj", "{04203536-71E5-4E17-989F-05E1071EF89C}"
EndProject
Global
	GlobalSection(SolutionConfigurationPlatforms) = preSolution
		Debug|Any CPU = Debug|Any CPU
		Release|Any CPU = Release|Any CPU
	EndGlobalSection
	GlobalSection(ProjectConfigurationPlatforms) = postSolution
		{04203536-71E5-4E17-989F-05E1071EF89C}.Debug|Any CPU.ActiveCfg = Debug|Any CPU
		{04203536-71E5-4E17-989F-05E1071EF89C}.Debug|Any CPU.Build.0 = Debug|Any CPU
		{04203536-71E5-4E17-989F-05E1071EF89C}.Release|Any CPU.ActiveCfg = Release|Any CPU
		{04203536-71E5-4E17-989F-05E1071EF89C}.Release|Any CPU.Build.0 = Release|Any CPU
	EndGlobalSection
	GlobalSection(SolutionProperties) = preSolution
		HideSolutionNode = FALSE
	EndGlobalSection
	GlobalSection(ExtensibilityGlobals) = postSolution
		SolutionGuid = {0FA2E80A-A21A-462B-A8F8-E611C5A41CC9}
	EndGlobalSection
EndGlobal
